{
  "name": "django-map-widgets",
  "version": "1.0.0",
  "lockfileVersion": 2,
  "requires": true,
  "packages": {
    "": {
      "name": "django-map-widgets",
      "version": "1.0.0",
      "license": "MIT",
      "dependencies": {
        "uglify-js": "~3.1.9",
        "uglifycss": "0.0.27"
      }
    },
    "node_modules/commander": {
      "version": "2.11.0",
      "resolved": "https://registry.npmjs.org/commander/-/commander-2.11.0.tgz",
      "integrity": "sha512-b0553uYA5YAEGgyYIGYROzKQ7X5RAqedkfjiZxwi0kL1g3bOaBNNZfYkzt/CL0umgD5wc9Jec2FbB98CjkMRvQ=="
    },
    "node_modules/source-map": {
      "version": "0.6.1",
      "resolved": "https://registry.npmjs.org/source-map/-/source-map-0.6.1.tgz",
      "integrity": "sha512-UjgapumWlbMhkBgzT7Ykc5YXUT46F0iKu8SGXq0bcwP5dz/h0Plj6enJqjz1Zbq2l5WaqYnrVbwWOWMyF3F47g==",
      "engines": {
        "node": ">=0.10.0"
      }
    },
    "node_modules/uglify-js": {
      "version": "3.1.10",
      "resolved": "https://registry.npmjs.org/uglify-js/-/uglify-js-3.1.10.tgz",
      "integrity": "sha512-0ul3BWx79We0mIPM1l72oqpMtWL0TVMnKZZY6FaHPy3tDzCZGXeFxw5N1ZvtkmQsLI+ECR/tUQyIYbyHUcuvEw==",
      "dependencies": {
        "commander": "~2.11.0",
        "source-map": "~0.6.1"
      },
      "bin": {
        "uglifyjs": "bin/uglifyjs"
      },
      "engines": {
        "node": ">=0.8.0"
      }
    },
    "node_modules/uglifycss": {
      "version": "0.0.27",
      "resolved": "https://registry.npmjs.org/uglifycss/-/uglifycss-0.0.27.tgz",
      "integrity": "sha512-0hA7g3cXvHdhetBkc2bGbA+Mu/C23jncs6kkmZLsTJCRloT72InV5XZs08t+m8AcFqBAsms+ZRK7cuY+eAXI6w==",
      "bin": {
        "uglifycss": "uglifycss"
      }
    }
  },
  "dependencies": {
    "commander": {
      "version": "2.11.0",
      "resolved": "https://registry.npmjs.org/commander/-/commander-2.11.0.tgz",
      "integrity": "sha512-b0553uYA5YAEGgyYIGYROzKQ7X5RAqedkfjiZxwi0kL1g3bOaBNNZfYkzt/CL0umgD5wc9Jec2FbB98CjkMRvQ=="
    },
    "source-map": {
      "version": "0.6.1",
      "resolved": "https://registry.npmjs.org/source-map/-/source-map-0.6.1.tgz",
      "integrity": "sha512-UjgapumWlbMhkBgzT7Ykc5YXUT46F0iKu8SGXq0bcwP5dz/h0Plj6enJqjz1Zbq2l5WaqYnrVbwWOWMyF3F47g=="
    },
    "uglify-js": {
      "version": "3.1.10",
      "resolved": "https://registry.npmjs.org/uglify-js/-/uglify-js-3.1.10.tgz",
      "integrity": "sha512-0ul3BWx79We0mIPM1l72oqpMtWL0TVMnKZZY6FaHPy3tDzCZGXeFxw5N1ZvtkmQsLI+ECR/tUQyIYbyHUcuvEw==",
      "requires": {
        "commander": "~2.11.0",
        "source-map": "~0.6.1"
      }
    },
    "uglifycss": {
      "version": "0.0.27",
      "resolved": "https://registry.npmjs.org/uglifycss/-/uglifycss-0.0.27.tgz",
      "integrity": "sha512-0hA7g3cXvHdhetBkc2bGbA+Mu/C23jncs6kkmZLsTJCRloT72InV5XZs08t+m8AcFqBAsms+ZRK7cuY+eAXI6w=="
    }
  }
}
